# This file is automatically @generated by Cargo.
# It is not intended for manual editing.
[[package]]
name = "bitflags"
version = "1.0.4"
source = "registry+https://github.com/rust-lang/crates.io-index"

[[package]]
name = "csfml-audio-sys"
version = "0.4.0"
source = "registry+https://github.com/rust-lang/crates.io-index"
dependencies = [
 "csfml-system-sys 0.4.0 (registry+https://github.com/rust-lang/crates.io-index)",
 "sfml-build 0.2.0 (registry+https://github.com/rust-lang/crates.io-index)",
]

[[package]]
name = "csfml-graphics-sys"
version = "0.4.0"
source = "registry+https://github.com/rust-lang/crates.io-index"
dependencies = [
 "csfml-system-sys 0.4.0 (registry+https://github.com/rust-lang/crates.io-index)",
 "csfml-window-sys 0.4.0 (registry+https://github.com/rust-lang/crates.io-index)",
 "sfml-build 0.2.0 (registry+https://github.com/rust-lang/crates.io-index)",
]

[[package]]
name = "csfml-system-sys"
version = "0.4.0"
source = "registry+https://github.com/rust-lang/crates.io-index"
dependencies = [
 "sfml-build 0.2.0 (registry+https://github.com/rust-lang/crates.io-index)",
]

[[package]]
name = "csfml-window-sys"
version = "0.4.0"
source = "registry+https://github.com/rust-lang/crates.io-index"
dependencies = [
 "csfml-system-sys 0.4.0 (registry+https://github.com/rust-lang/crates.io-index)",
 "sfml-build 0.2.0 (registry+https://github.com/rust-lang/crates.io-index)",
]

[[package]]
name = "proc-macro2"
version = "0.4.30"
source = "registry+https://github.com/rust-lang/crates.io-index"
dependencies = [
 "unicode-xid 0.1.0 (registry+https://github.com/rust-lang/crates.io-index)",
]

[[package]]
name = "quote"
version = "0.6.12"
source = "registry+https://github.com/rust-lang/crates.io-index"
dependencies = [
 "proc-macro2 0.4.30 (registry+https://github.com/rust-lang/crates.io-index)",
]

[[package]]
name = "serde"
version = "1.0.91"
source = "registry+https://github.com/rust-lang/crates.io-index"

[[package]]
name = "serde_derive"
version = "1.0.91"
source = "registry+https://github.com/rust-lang/crates.io-index"
dependencies = [
 "proc-macro2 0.4.30 (registry+https://github.com/rust-lang/crates.io-index)",
 "quote 0.6.12 (registry+https://github.com/rust-lang/crates.io-index)",
 "syn 0.15.34 (registry+https://github.com/rust-lang/crates.io-index)",
]

[[package]]
name = "sfml"
version = "0.14.0"
source = "registry+https://github.com/rust-lang/crates.io-index"
dependencies = [
 "bitflags 1.0.4 (registry+https://github.com/rust-lang/crates.io-index)",
 "csfml-audio-sys 0.4.0 (registry+https://github.com/rust-lang/crates.io-index)",
 "csfml-graphics-sys 0.4.0 (registry+https://github.com/rust-lang/crates.io-index)",
 "csfml-system-sys 0.4.0 (registry+https://github.com/rust-lang/crates.io-index)",
 "csfml-window-sys 0.4.0 (registry+https://github.com/rust-lang/crates.io-index)",
]

[[package]]
name = "sfml-build"
version = "0.2.0"
source = "registry+https://github.com/rust-lang/crates.io-index"

[[package]]
name = "syn"
version = "0.15.34"
source = "registry+https://github.com/rust-lang/crates.io-index"
dependencies = [
 "proc-macro2 0.4.30 (registry+https://github.com/rust-lang/crates.io-index)",
 "quote 0.6.12 (registry+https://github.com/rust-lang/crates.io-index)",
 "unicode-xid 0.1.0 (registry+https://github.com/rust-lang/crates.io-index)",
]

[[package]]
name = "toml"
version = "0.5.1"
source = "registry+https://github.com/rust-lang/crates.io-index"
dependencies = [
 "serde 1.0.91 (registry+https://github.com/rust-lang/crates.io-index)",
]

[[package]]
name = "turbotanks"
version = "0.1.0"
dependencies = [
 "serde 1.0.91 (registry+https://github.com/rust-lang/crates.io-index)",
 "serde_derive 1.0.91 (registry+https://github.com/rust-lang/crates.io-index)",
 "sfml 0.14.0 (registry+https://github.com/rust-lang/crates.io-index)",
 "toml 0.5.1 (registry+https://github.com/rust-lang/crates.io-index)",
]

[[package]]
name = "unicode-xid"
version = "0.1.0"
source = "registry+https://github.com/rust-lang/crates.io-index"

[metadata]
"checksum bitflags 1.0.4 (registry+https://github.com/rust-lang/crates.io-index)" = "228047a76f468627ca71776ecdebd732a3423081fcf5125585bcd7c49886ce12"
"checksum csfml-audio-sys 0.4.0 (registry+https://github.com/rust-lang/crates.io-index)" = "c3f55bfdd00e6ded8b4bbf62acfe7e62a493584a7b0774642dac59d822061aa4"
"checksum csfml-graphics-sys 0.4.0 (registry+https://github.com/rust-lang/crates.io-index)" = "d508c34b7376ca0450422ee11642b5aba43bde59673c822bb436e9fc126d8487"
"checksum csfml-system-sys 0.4.0 (registry+https://github.com/rust-lang/crates.io-index)" = "226869ac0651d7592d2fc0795f5e44101fbd7b22548d6cf6f0e0e74e54efa1fd"
"checksum csfml-window-sys 0.4.0 (registry+https://github.com/rust-lang/crates.io-index)" = "86fd0d9840a9f92ae0960cef634c1b5781b15847dbb099a9ee6021bb5c1cb618"
"checksum proc-macro2 0.4.30 (registry+https://github.com/rust-lang/crates.io-index)" = "cf3d2011ab5c909338f7887f4fc896d35932e29146c12c8d01da6b22a80ba759"
"checksum quote 0.6.12 (registry+https://github.com/rust-lang/crates.io-index)" = "faf4799c5d274f3868a4aae320a0a182cbd2baee377b378f080e16a23e9d80db"
"checksum serde 1.0.91 (registry+https://github.com/rust-lang/crates.io-index)" = "a72e9b96fa45ce22a4bc23da3858dfccfd60acd28a25bcd328a98fdd6bea43fd"
"checksum serde_derive 1.0.91 (registry+https://github.com/rust-lang/crates.io-index)" = "101b495b109a3e3ca8c4cbe44cf62391527cdfb6ba15821c5ce80bcd5ea23f9f"
"checksum sfml 0.14.0 (registry+https://github.com/rust-lang/crates.io-index)" = "47b06f9db4d3f8b936d232d92bfbd6335060ae51ddcf1be2e79361aeb5c8fef1"
"checksum sfml-build 0.2.0 (registry+https://github.com/rust-lang/crates.io-index)" = "ff35ae173aff95bc967d1b4f0e131a8aec384c317fd057738da4b0f71c8cf841"
"checksum syn 0.15.34 (registry+https://github.com/rust-lang/crates.io-index)" = "a1393e4a97a19c01e900df2aec855a29f71cf02c402e2f443b8d2747c25c5dbe"
"checksum toml 0.5.1 (registry+https://github.com/rust-lang/crates.io-index)" = "b8c96d7873fa7ef8bdeb3a9cda3ac48389b4154f32b9803b4bc26220b677b039"
"checksum unicode-xid 0.1.0 (registry+https://github.com/rust-lang/crates.io-index)" = "fc72304796d0818e357ead4e000d19c9c174ab23dc11093ac919054d20a6a7fc"
